{
  "name": "castle-layui",
  "version": "1.0.0",
  "lockfileVersion": 1,
  "requires": true,
  "dependencies": {
    "vue": {
      "version": "2.5.16",
      "resolved": "http://r.cnpmjs.org/vue/download/vue-2.5.16.tgz",
      "integrity": "sha1-B+23XoQSqu7YceuvqZ9GclhKAIU="
    },
    "vue-class-component": {
      "version": "6.2.0",
      "resolved": "http://r.cnpmjs.org/vue-class-component/download/vue-class-component-6.2.0.tgz",
      "integrity": "sha1-etsdqpqGjHXzD5fzP08blK7mIIk="
    },
    "vuex": {
      "version": "3.0.1",
      "resolved": "http://r.cnpmjs.org/vuex/download/vuex-3.0.1.tgz",
      "integrity": "sha1-52E1Lr4K9TfUu3Vam53Evj3379I="
    },
    "vuex-class": {
      "version": "0.3.1",
      "resolved": "http://r.cnpmjs.org/vuex-class/download/vuex-class-0.3.1.tgz",
      "integrity": "sha1-PAuUa8/0zyvhkE3lsMqxo91cQdU="
    }
  }
}
